// !$*UTF8*$!
{
	archiveVersion = 1;
	classes = {
	};
	objectVersion = 46;
	objects = {

/* Begin PBXBuildFile section */
		D4679EFD1C0B52FF0059452B /* main.m in Sources */ = {isa = PBXBuildFile; fileRef = D4679EFC1C0B52FF0059452B /* main.m */; };
		D4679F001C0B52FF0059452B /* AppDelegate.m in Sources */ = {isa = PBXBuildFile; fileRef = D4679EFF1C0B52FF0059452B /* AppDelegate.m */; };
		D4679F031C0B52FF0059452B /* ViewController.m in Sources */ = {isa = PBXBuildFile; fileRef = D4679F021C0B52FF0059452B /* ViewController.m */; };
		D4679F061C0B52FF0059452B /* Main.storyboard in Resources */ = {isa = PBXBuildFile; fileRef = D4679F041C0B52FF0059452B /* Main.storyboard */; };
		D4679F081C0B52FF0059452B /* Assets.xcassets in Resources */ = {isa = PBXBuildFile; fileRef = D4679F071C0B52FF0059452B /* Assets.xcassets */; };
		D4679F0B1C0B52FF0059452B /* LaunchScreen.storyboard in Resources */ = {isa = PBXBuildFile; fileRef = D4679F091C0B52FF0059452B /* LaunchScreen.storyboard */; };
/* End PBXBuildFile section */

/* Begin PBXFileReference section */
		D4679EF81C0B52FF0059452B /* SuperStoryboard.app */ = {isa = PBXFileReference; explicitFileType = wrapper.application; includeInIndex = 0; path = SuperStoryboard.app; sourceTree = BUILT_PRODUCTS_DIR; };
		D4679EFC1C0B52FF0059452B /* main.m */ = {isa = PBXFileReference; lastKnownFileType = sourcecode.c.objc; path = main.m; sourceTree = "<group>"; };
		D4679EFE1C0B52FF0059452B /* AppDelegate.h */ = {isa = PBXFileReference; lastKnownFileType = sourcecode.c.h; path = AppDelegate.h; sourceTree = "<group>"; };
		D4679EFF1C0B52FF0059452B /* AppDelegate.m */ = {isa = PBXFileReference; lastKnownFileType = sourcecode.c.objc; path = AppDelegate.m; sourceTree = "<group>"; };
		D4679F011C0B52FF0059452B /* ViewController.h */ = {isa = PBXFileReference; lastKnownFileType = sourcecode.c.h; path = ViewController.h; sourceTree = "<group>"; };
		D4679F021C0B52FF0059452B /* ViewController.m */ = {isa = PBXFileReference; lastKnownFileType = sourcecode.c.objc; path = ViewController.m; sourceTree = "<group>"; };
		D4679F051C0B52FF0059452B /* Base */ = {isa = PBXFileReference; lastKnownFileType = file.storyboard; name = Base; path = Base.lproj/Main.storyboard; sourceTree = "<group>"; };
		D4679F071C0B52FF0059452B /* Assets.xcassets */ = {isa = PBXFileReference; lastKnownFileType = folder.assetcatalog; path = Assets.xcassets; sourceTree = "<group>"; };
		D4679F0A1C0B52FF0059452B /* Base */ = {isa = PBXFileReference; lastKnownFileType = file.storyboard; name = Base; path = Base.lproj/LaunchScreen.storyboard; sourceTree = "<group>"; };
		D4679F0C1C0B52FF0059452B /* Info.plist */ = {isa = PBXFileReference; lastKnownFileType = text.plist.xml; path = Info.plist; sourceTree = "<group>"; };
/* End PBXFileReference section */

/* Begin PBXFrameworksBuildPhase section */
		D4679EF51C0B52FF0059452B /* Frameworks */ = {
			isa = PBXFrameworksBuildPhase;
			buildActionMask = 2147483647;
			files = (
			);
			runOnlyForDeploymentPostprocessing = 0;
		};
/* End PBXFrameworksBuildPhase section */

/* Begin PBXGroup section */
		D4679EEF1C0B52FF0059452B = {
			isa = PBXGroup;
			children = (
				D4679EFA1C0B52FF0059452B /* SuperStoryboard */,
				D4679EF91C0B52FF0059452B /* Products */,
			);
			sourceTree = "<group>";
		};
		D4679EF91C0B52FF0059452B /* Products */ = {
			isa = PBXGroup;
			children = (
				D4679EF81C0B52FF0059452B /* SuperStoryboard.app */,
			);
			name = Products;
			sourceTree = "<group>";
		};
		D4679EFA1C0B52FF0059452B /* SuperStoryboard */ = {
			isa = PBXGroup;
			children = (
				D4679EFE1C0B52FF0059452B /* AppDelegate.h */,
				D4679EFF1C0B52FF0059452B /* AppDelegate.m */,
				D4679F011C0B52FF0059452B /* ViewController.h */,
				D4679F021C0B52FF0059452B /* ViewController.m */,
				D4679F041C0B52FF0059452B /* Main.storyboard */,
				D4679F071C0B52FF0059452B /* Assets.xcassets */,
				D4679F091C0B52FF0059452B /* LaunchScreen.storyboard */,
				D4679F0C1C0B52FF0059452B /* Info.plist */,
				D4679EFB1C0B52FF0059452B /* Supporting Files */,
			);
			path = SuperStoryboard;
			sourceTree = "<group>";
		};
		D4679EFB1C0B52FF0059452B /* Supporting Files */ = {
			isa = PBXGroup;
			children = (
				D4679EFC1C0B52FF0059452B /* main.m */,
			);
			name = "Supporting Files";
			sourceTree = "<group>";
		};
/* End PBXGroup section */

/* Begin PBXNativeTarget section */
		D4679EF71C0B52FF0059452B /* SuperStoryboard */ = {
			isa = PBXNativeTarget;
			buildConfigurationList = D4679F0F1C0B52FF0059452B /* Build configuration list for PBXNativeTarget "SuperStoryboard" */;
			buildPhases = (
				D4679EF41C0B52FF0059452B /* Sources */,
				D4679EF51C0B52FF0059452B /* Frameworks */,
				D4679EF61C0B52FF0059452B /* Resources */,
			);
			buildRules = (
			);
			dependencies = (
			);
			name = SuperStoryboard;
			productName = SuperStoryboard;
			productReference = D4679EF81C0B52FF0059452B /* SuperStoryboard.app */;
			productType = "com.apple.product-type.application";
		};
/* End PBXNativeTarget section */

/* Begin PBXProject section */
		D4679EF01C0B52FF0059452B /* Project object */ = {
			isa = PBXProject;
			attributes = {
				LastUpgradeCheck = 0710;
				ORGANIZATIONNAME = Anta;
				TargetAttributes = {
					D4679EF71C0B52FF0059452B = {
						CreatedOnToolsVersion = 7.1.1;
					};
				};
			};
			buildConfigurationList = D4679EF31C0B52FF0059452B /* Build configuration list for PBXProject "SuperStoryboard" */;
			compatibilityVersion = "Xcode 3.2";
			developmentRegion = English;
			hasScannedForEncodings = 0;
			knownRegions = (
				en,
				Base,
			);
			mainGroup = D4679EEF1C0B52FF0059452B;
			productRefGroup = D4679EF91C0B52FF0059452B /* Products */;
			projectDirPath = "";
			projectRoot = "";
			targets = (
				D4679EF71C0B52FF0059452B /* SuperStoryboard */,
			);
		};
/* End PBXProject section */

/* Begin PBXResourcesBuildPhase section */
		D4679EF61C0B52FF0059452B /* Resources */ = {
			isa = PBXResourcesBuildPhase;
			buildActionMask = 2147483647;
			files = (
				D4679F0B1C0B52FF0059452B /* LaunchScreen.storyboard in Resources */,
				D4679F081C0B52FF0059452B /* Assets.xcassets in Resources */,
				D4679F061C0B52FF0059452B /* Main.storyboard in Resources */,
			);
			runOnlyForDeploymentPostprocessing = 0;
		};
/* End PBXResourcesBuildPhase section */

/* Begin PBXSourcesBuildPhase section */
		D4679EF41C0B52FF0059452B /* Sources */ = {
			isa = PBXSourcesBuildPhase;
			buildActionMask = 2147483647;
			files = (
				D4679F031C0B52FF0059452B /* ViewController.m in Sources */,
				D4679F001C0B52FF0059452B /* AppDelegate.m in Sources */,
				D4679EFD1C0B52FF0059452B /* main.m in Sources */,
			);
			runOnlyForDeploymentPostprocessing = 0;
		};
/* End PBXSourcesBuildPhase section */

/* Begin PBXVariantGroup section */
		D4679F041C0B52FF0059452B /* Main.storyboard */ = {
			isa = PBXVariantGroup;
			children = (
				D4679F051C0B52FF0059452B /* Base */,
			);
			name = Main.storyboard;
			sourceTree = "<group>";
		};
		D4679F091C0B52FF0059452B /* LaunchScreen.storyboard */ = {
			isa = PBXVariantGroup;
			children = (
				D4679F0A1C0B52FF0059452B /* Base */,
			);
			name = LaunchScreen.storyboard;
			sourceTree = "<group>";
		};
/* End PBXVariantGroup section */

/* Begin XCBuildConfiguration section */
		D4679F0D1C0B52FF0059452B /* Debug */ = {
			isa = XCBuildConfiguration;
			buildSettings = {
				ALWAYS_SEARCH_USER_PATHS = NO;
				CLANG_CXX_LANGUAGE_STANDARD = "gnu++0x";
				CLANG_CXX_LIBRARY = "libc++";
				CLANG_ENABLE_MODULES = YES;
				CLANG_ENABLE_OBJC_ARC = YES;
				CLANG_WARN_BOOL_CONVERSION = YES;
				CLANG_WARN_CONSTANT_CONVERSION = YES;
				CLANG_WARN_DIRECT_OBJC_ISA_USAGE = YES_ERROR;
				CLANG_WARN_EMPTY_BODY = YES;
				CLANG_WARN_ENUM_CONVERSION = YES;
				CLANG_WARN_INT_CONVERSION = YES;
				CLANG_WARN_OBJC_ROOT_CLASS = YES_ERROR;
				CLANG_WARN_UNREACHABLE_CODE = YES;
				CLANG_WARN__DUPLICATE_METHOD_MATCH = YES;
				"CODE_SIGN_IDENTITY[sdk=iphoneos*]" = "iPhone Developer";
				COPY_PHASE_STRIP = NO;
				DEBUG_INFORMATION_FORMAT = dwarf;
				ENABLE_STRICT_OBJC_MSGSEND = YES;
				ENABLE_TESTABILITY = YES;
				GCC_C_LANGUAGE_STANDARD = gnu99;
				GCC_DYNAMIC_NO_PIC = NO;
				GCC_NO_COMMON_BLOCKS = YES;
				GCC_OPTIMIZATION_LEVEL = 0;
				GCC_PREPROCESSOR_DEFINITIONS = (
					"DEBUG=1",
					"$(inherited)",
				);
				GCC_WARN_64_TO_32_BIT_CONVERSION = YES;
				GCC_WARN_ABOUT_RETURN_TYPE = YES_ERROR;
				GCC_WARN_UNDECLARED_SELECTOR = YES;
				GCC_WARN_UNINITIALIZED_AUTOS = YES_AGGRESSIVE;
				GCC_WARN_UNUSED_FUNCTION = YES;
				GCC_WARN_UNUSED_VARIABLE = YES;
				IPHONEOS_DEPLOYMENT_TARGET = 9.1;
				MTL_ENABLE_DEBUG_INFO = YES;
				ONLY_ACTIVE_ARCH = YES;
				SDKROOT = iphoneos;
				TARGETED_DEVICE_FAMILY = "1,2";
			};
			name = Debug;
		};
		D4679F0E1C0B52FF0059452B /* Release */ = {
			isa = XCBuildConfiguration;
			buildSettings = {
				ALWAYS_SEARCH_USER_PATHS = NO;
				CLANG_CXX_LANGUAGE_STANDARD = "gnu++0x";
				CLANG_CXX_LIBRARY = "libc++";
				CLANG_ENABLE_MODULES = YES;
				CLANG_ENABLE_OBJC_ARC = YES;
				CLANG_WARN_BOOL_CONVERSION = YES;
				CLANG_WARN_CONSTANT_CONVERSION = YES;
				CLANG_WARN_DIRECT_OBJC_ISA_USAGE = YES_ERROR;
				CLANG_WARN_EMPTY_BODY = YES;
				CLANG_WARN_ENUM_CONVERSION = YES;
				CLANG_WARN_INT_CONVERSION = YES;
				CLANG_WARN_OBJC_ROOT_CLASS = YES_ERROR;
				CLANG_WARN_UNREACHABLE_CODE = YES;
				CLANG_WARN__DUPLICATE_METHOD_MATCH = YES;
				"CODE_SIGN_IDENTITY[sdk=iphoneos*]" = "iPhone Developer";
				COPY_PHASE_STRIP = NO;
				DEBUG_INFORMATION_FORMAT = "dwarf-with-dsym";
				ENABLE_NS_ASSERTIONS = NO;
				ENABLE_STRICT_OBJC_MSGSEND = YES;
				GCC_C_LANGUAGE_STANDARD = gnu99;
				GCC_NO_COMMON_BLOCKS = YES;
				GCC_WARN_64_TO_32_BIT_CONVERSION = YES;
				GCC_WARN_ABOUT_RETURN_TYPE = YES_ERROR;
				GCC_WARN_UNDECLARED_SELECTOR = YES;
				GCC_WARN_UNINITIALIZED_AUTOS = YES_AGGRESSIVE;
				GCC_WARN_UNUSED_FUNCTION = YES;
				GCC_WARN_UNUSED_VARIABLE = YES;
				IPHONEOS_DEPLOYMENT_TARGET = 9.1;
				MTL_ENABLE_DEBUG_INFO = NO;
				SDKROOT = iphoneos;
				TARGETED_DEVICE_FAMILY = "1,2";
				VALIDATE_PRODUCT = YES;
			};
			name = Release;
		};
		D4679F101C0B52FF0059452B /* Debug */ = {
			isa = XCBuildConfiguration;
			buildSettings = {
				ASSETCATALOG_COMPILER_APPICON_NAME = AppIcon;
				INFOPLIST_FILE = SuperStoryboard/Info.plist;
				LD_RUNPATH_SEARCH_PATHS = "$(inherited) @executable_path/Frameworks";
				PRODUCT_BUNDLE_IDENTIFIER = Anta.Joey.SuperStoryboard;
				PRODUCT_NAME = "$(TARGET_NAME)";
			};
			name = Debug;
		};
		D4679F111C0B52FF0059452B /* Release */ = {
			isa = XCBuildConfiguration;
			buildSettings = {
				ASSETCATALOG_COMPILER_APPICON_NAME = AppIcon;
				INFOPLIST_FILE = SuperStoryboard/Info.plist;
				LD_RUNPATH_SEARCH_PATHS = "$(inherited) @executable_path/Frameworks";
				PRODUCT_BUNDLE_IDENTIFIER = Anta.Joey.SuperStoryboard;
				PRODUCT_NAME = "$(TARGET_NAME)";
			};
			name = Release;
		};
/* End XCBuildConfiguration section */

/* Begin XCConfigurationList section */
		D4679EF31C0B52FF0059452B /* Build configuration list for PBXProject "SuperStoryboard" */ = {
			isa = XCConfigurationList;
			buildConfigurations = (
				D4679F0D1C0B52FF0059452B /* Debug */,
				D4679F0E1C0B52FF0059452B /* Release */,
			);
			defaultConfigurationIsVisible = 0;
			defaultConfigurationName = Release;
		};
		D4679F0F1C0B52FF0059452B /* Build configuration list for PBXNativeTarget "SuperStoryboard" */ = {
			isa = XCConfigurationList;
			buildConfigurations = (
				D4679F101C0B52FF0059452B /* Debug */,
				D4679F111C0B52FF0059452B /* Release */,
			);
			defaultConfigurationIsVisible = 0;
		};
/* End XCConfigurationList section */
	};
	rootObject = D4679EF01C0B52FF0059452B /* Project object */;
}
