// !$*UTF8*$!
{
	archiveVersion = 1;
	classes = {
	};
	objectVersion = 46;
	objects = {

/* Begin PBXBuildFile section */
		D42BF38F1C17D2C200EB5316 /* main.m in Sources */ = {isa = PBXBuildFile; fileRef = D42BF38E1C17D2C200EB5316 /* main.m */; };
		D42BF3921C17D2C200EB5316 /* AppDelegate.m in Sources */ = {isa = PBXBuildFile; fileRef = D42BF3911C17D2C200EB5316 /* AppDelegate.m */; };
		D42BF3951C17D2C200EB5316 /* ViewController.m in Sources */ = {isa = PBXBuildFile; fileRef = D42BF3941C17D2C200EB5316 /* ViewController.m */; };
		D42BF3981C17D2C200EB5316 /* Main.storyboard in Resources */ = {isa = PBXBuildFile; fileRef = D42BF3961C17D2C200EB5316 /* Main.storyboard */; };
		D42BF39A1C17D2C200EB5316 /* Assets.xcassets in Resources */ = {isa = PBXBuildFile; fileRef = D42BF3991C17D2C200EB5316 /* Assets.xcassets */; };
		D42BF39D1C17D2C200EB5316 /* LaunchScreen.storyboard in Resources */ = {isa = PBXBuildFile; fileRef = D42BF39B1C17D2C200EB5316 /* LaunchScreen.storyboard */; };
/* End PBXBuildFile section */

/* Begin PBXFileReference section */
		D42BF38A1C17D2C200EB5316 /* AutoLayout.app */ = {isa = PBXFileReference; explicitFileType = wrapper.application; includeInIndex = 0; path = AutoLayout.app; sourceTree = BUILT_PRODUCTS_DIR; };
		D42BF38E1C17D2C200EB5316 /* main.m */ = {isa = PBXFileReference; lastKnownFileType = sourcecode.c.objc; path = main.m; sourceTree = "<group>"; };
		D42BF3901C17D2C200EB5316 /* AppDelegate.h */ = {isa = PBXFileReference; lastKnownFileType = sourcecode.c.h; path = AppDelegate.h; sourceTree = "<group>"; };
		D42BF3911C17D2C200EB5316 /* AppDelegate.m */ = {isa = PBXFileReference; lastKnownFileType = sourcecode.c.objc; path = AppDelegate.m; sourceTree = "<group>"; };
		D42BF3931C17D2C200EB5316 /* ViewController.h */ = {isa = PBXFileReference; lastKnownFileType = sourcecode.c.h; path = ViewController.h; sourceTree = "<group>"; };
		D42BF3941C17D2C200EB5316 /* ViewController.m */ = {isa = PBXFileReference; lastKnownFileType = sourcecode.c.objc; path = ViewController.m; sourceTree = "<group>"; };
		D42BF3971C17D2C200EB5316 /* Base */ = {isa = PBXFileReference; lastKnownFileType = file.storyboard; name = Base; path = Base.lproj/Main.storyboard; sourceTree = "<group>"; };
		D42BF3991C17D2C200EB5316 /* Assets.xcassets */ = {isa = PBXFileReference; lastKnownFileType = folder.assetcatalog; path = Assets.xcassets; sourceTree = "<group>"; };
		D42BF39C1C17D2C200EB5316 /* Base */ = {isa = PBXFileReference; lastKnownFileType = file.storyboard; name = Base; path = Base.lproj/LaunchScreen.storyboard; sourceTree = "<group>"; };
		D42BF39E1C17D2C300EB5316 /* Info.plist */ = {isa = PBXFileReference; lastKnownFileType = text.plist.xml; path = Info.plist; sourceTree = "<group>"; };
/* End PBXFileReference section */

/* Begin PBXFrameworksBuildPhase section */
		D42BF3871C17D2C200EB5316 /* Frameworks */ = {
			isa = PBXFrameworksBuildPhase;
			buildActionMask = 2147483647;
			files = (
			);
			runOnlyForDeploymentPostprocessing = 0;
		};
/* End PBXFrameworksBuildPhase section */

/* Begin PBXGroup section */
		D42BF3811C17D2C200EB5316 = {
			isa = PBXGroup;
			children = (
				D42BF38C1C17D2C200EB5316 /* AutoLayout */,
				D42BF38B1C17D2C200EB5316 /* Products */,
			);
			sourceTree = "<group>";
		};
		D42BF38B1C17D2C200EB5316 /* Products */ = {
			isa = PBXGroup;
			children = (
				D42BF38A1C17D2C200EB5316 /* AutoLayout.app */,
			);
			name = Products;
			sourceTree = "<group>";
		};
		D42BF38C1C17D2C200EB5316 /* AutoLayout */ = {
			isa = PBXGroup;
			children = (
				D42BF3901C17D2C200EB5316 /* AppDelegate.h */,
				D42BF3911C17D2C200EB5316 /* AppDelegate.m */,
				D42BF3931C17D2C200EB5316 /* ViewController.h */,
				D42BF3941C17D2C200EB5316 /* ViewController.m */,
				D42BF3961C17D2C200EB5316 /* Main.storyboard */,
				D42BF3991C17D2C200EB5316 /* Assets.xcassets */,
				D42BF39B1C17D2C200EB5316 /* LaunchScreen.storyboard */,
				D42BF39E1C17D2C300EB5316 /* Info.plist */,
				D42BF38D1C17D2C200EB5316 /* Supporting Files */,
			);
			path = AutoLayout;
			sourceTree = "<group>";
		};
		D42BF38D1C17D2C200EB5316 /* Supporting Files */ = {
			isa = PBXGroup;
			children = (
				D42BF38E1C17D2C200EB5316 /* main.m */,
			);
			name = "Supporting Files";
			sourceTree = "<group>";
		};
/* End PBXGroup section */

/* Begin PBXNativeTarget section */
		D42BF3891C17D2C200EB5316 /* AutoLayout */ = {
			isa = PBXNativeTarget;
			buildConfigurationList = D42BF3A11C17D2C300EB5316 /* Build configuration list for PBXNativeTarget "AutoLayout" */;
			buildPhases = (
				D42BF3861C17D2C200EB5316 /* Sources */,
				D42BF3871C17D2C200EB5316 /* Frameworks */,
				D42BF3881C17D2C200EB5316 /* Resources */,
			);
			buildRules = (
			);
			dependencies = (
			);
			name = AutoLayout;
			productName = AutoLayout;
			productReference = D42BF38A1C17D2C200EB5316 /* AutoLayout.app */;
			productType = "com.apple.product-type.application";
		};
/* End PBXNativeTarget section */

/* Begin PBXProject section */
		D42BF3821C17D2C200EB5316 /* Project object */ = {
			isa = PBXProject;
			attributes = {
				LastUpgradeCheck = 0710;
				ORGANIZATIONNAME = Anta;
				TargetAttributes = {
					D42BF3891C17D2C200EB5316 = {
						CreatedOnToolsVersion = 7.1.1;
					};
				};
			};
			buildConfigurationList = D42BF3851C17D2C200EB5316 /* Build configuration list for PBXProject "AutoLayout" */;
			compatibilityVersion = "Xcode 3.2";
			developmentRegion = English;
			hasScannedForEncodings = 0;
			knownRegions = (
				en,
				Base,
			);
			mainGroup = D42BF3811C17D2C200EB5316;
			productRefGroup = D42BF38B1C17D2C200EB5316 /* Products */;
			projectDirPath = "";
			projectRoot = "";
			targets = (
				D42BF3891C17D2C200EB5316 /* AutoLayout */,
			);
		};
/* End PBXProject section */

/* Begin PBXResourcesBuildPhase section */
		D42BF3881C17D2C200EB5316 /* Resources */ = {
			isa = PBXResourcesBuildPhase;
			buildActionMask = 2147483647;
			files = (
				D42BF39D1C17D2C200EB5316 /* LaunchScreen.storyboard in Resources */,
				D42BF39A1C17D2C200EB5316 /* Assets.xcassets in Resources */,
				D42BF3981C17D2C200EB5316 /* Main.storyboard in Resources */,
			);
			runOnlyForDeploymentPostprocessing = 0;
		};
/* End PBXResourcesBuildPhase section */

/* Begin PBXSourcesBuildPhase section */
		D42BF3861C17D2C200EB5316 /* Sources */ = {
			isa = PBXSourcesBuildPhase;
			buildActionMask = 2147483647;
			files = (
				D42BF3951C17D2C200EB5316 /* ViewController.m in Sources */,
				D42BF3921C17D2C200EB5316 /* AppDelegate.m in Sources */,
				D42BF38F1C17D2C200EB5316 /* main.m in Sources */,
			);
			runOnlyForDeploymentPostprocessing = 0;
		};
/* End PBXSourcesBuildPhase section */

/* Begin PBXVariantGroup section */
		D42BF3961C17D2C200EB5316 /* Main.storyboard */ = {
			isa = PBXVariantGroup;
			children = (
				D42BF3971C17D2C200EB5316 /* Base */,
			);
			name = Main.storyboard;
			sourceTree = "<group>";
		};
		D42BF39B1C17D2C200EB5316 /* LaunchScreen.storyboard */ = {
			isa = PBXVariantGroup;
			children = (
				D42BF39C1C17D2C200EB5316 /* Base */,
			);
			name = LaunchScreen.storyboard;
			sourceTree = "<group>";
		};
/* End PBXVariantGroup section */

/* Begin XCBuildConfiguration section */
		D42BF39F1C17D2C300EB5316 /* Debug */ = {
			isa = XCBuildConfiguration;
			buildSettings = {
				ALWAYS_SEARCH_USER_PATHS = NO;
				CLANG_CXX_LANGUAGE_STANDARD = "gnu++0x";
				CLANG_CXX_LIBRARY = "libc++";
				CLANG_ENABLE_MODULES = YES;
				CLANG_ENABLE_OBJC_ARC = YES;
				CLANG_WARN_BOOL_CONVERSION = YES;
				CLANG_WARN_CONSTANT_CONVERSION = YES;
				CLANG_WARN_DIRECT_OBJC_ISA_USAGE = YES_ERROR;
				CLANG_WARN_EMPTY_BODY = YES;
				CLANG_WARN_ENUM_CONVERSION = YES;
				CLANG_WARN_INT_CONVERSION = YES;
				CLANG_WARN_OBJC_ROOT_CLASS = YES_ERROR;
				CLANG_WARN_UNREACHABLE_CODE = YES;
				CLANG_WARN__DUPLICATE_METHOD_MATCH = YES;
				"CODE_SIGN_IDENTITY[sdk=iphoneos*]" = "iPhone Developer";
				COPY_PHASE_STRIP = NO;
				DEBUG_INFORMATION_FORMAT = dwarf;
				ENABLE_STRICT_OBJC_MSGSEND = YES;
				ENABLE_TESTABILITY = YES;
				GCC_C_LANGUAGE_STANDARD = gnu99;
				GCC_DYNAMIC_NO_PIC = NO;
				GCC_NO_COMMON_BLOCKS = YES;
				GCC_OPTIMIZATION_LEVEL = 0;
				GCC_PREPROCESSOR_DEFINITIONS = (
					"DEBUG=1",
					"$(inherited)",
				);
				GCC_WARN_64_TO_32_BIT_CONVERSION = YES;
				GCC_WARN_ABOUT_RETURN_TYPE = YES_ERROR;
				GCC_WARN_UNDECLARED_SELECTOR = YES;
				GCC_WARN_UNINITIALIZED_AUTOS = YES_AGGRESSIVE;
				GCC_WARN_UNUSED_FUNCTION = YES;
				GCC_WARN_UNUSED_VARIABLE = YES;
				IPHONEOS_DEPLOYMENT_TARGET = 9.1;
				MTL_ENABLE_DEBUG_INFO = YES;
				ONLY_ACTIVE_ARCH = YES;
				SDKROOT = iphoneos;
				TARGETED_DEVICE_FAMILY = "1,2";
			};
			name = Debug;
		};
		D42BF3A01C17D2C300EB5316 /* Release */ = {
			isa = XCBuildConfiguration;
			buildSettings = {
				ALWAYS_SEARCH_USER_PATHS = NO;
				CLANG_CXX_LANGUAGE_STANDARD = "gnu++0x";
				CLANG_CXX_LIBRARY = "libc++";
				CLANG_ENABLE_MODULES = YES;
				CLANG_ENABLE_OBJC_ARC = YES;
				CLANG_WARN_BOOL_CONVERSION = YES;
				CLANG_WARN_CONSTANT_CONVERSION = YES;
				CLANG_WARN_DIRECT_OBJC_ISA_USAGE = YES_ERROR;
				CLANG_WARN_EMPTY_BODY = YES;
				CLANG_WARN_ENUM_CONVERSION = YES;
				CLANG_WARN_INT_CONVERSION = YES;
				CLANG_WARN_OBJC_ROOT_CLASS = YES_ERROR;
				CLANG_WARN_UNREACHABLE_CODE = YES;
				CLANG_WARN__DUPLICATE_METHOD_MATCH = YES;
				"CODE_SIGN_IDENTITY[sdk=iphoneos*]" = "iPhone Developer";
				COPY_PHASE_STRIP = NO;
				DEBUG_INFORMATION_FORMAT = "dwarf-with-dsym";
				ENABLE_NS_ASSERTIONS = NO;
				ENABLE_STRICT_OBJC_MSGSEND = YES;
				GCC_C_LANGUAGE_STANDARD = gnu99;
				GCC_NO_COMMON_BLOCKS = YES;
				GCC_WARN_64_TO_32_BIT_CONVERSION = YES;
				GCC_WARN_ABOUT_RETURN_TYPE = YES_ERROR;
				GCC_WARN_UNDECLARED_SELECTOR = YES;
				GCC_WARN_UNINITIALIZED_AUTOS = YES_AGGRESSIVE;
				GCC_WARN_UNUSED_FUNCTION = YES;
				GCC_WARN_UNUSED_VARIABLE = YES;
				IPHONEOS_DEPLOYMENT_TARGET = 9.1;
				MTL_ENABLE_DEBUG_INFO = NO;
				SDKROOT = iphoneos;
				TARGETED_DEVICE_FAMILY = "1,2";
				VALIDATE_PRODUCT = YES;
			};
			name = Release;
		};
		D42BF3A21C17D2C300EB5316 /* Debug */ = {
			isa = XCBuildConfiguration;
			buildSettings = {
				ASSETCATALOG_COMPILER_APPICON_NAME = AppIcon;
				INFOPLIST_FILE = AutoLayout/Info.plist;
				LD_RUNPATH_SEARCH_PATHS = "$(inherited) @executable_path/Frameworks";
				PRODUCT_BUNDLE_IDENTIFIER = Anta.Joey.AutoLayout;
				PRODUCT_NAME = "$(TARGET_NAME)";
			};
			name = Debug;
		};
		D42BF3A31C17D2C300EB5316 /* Release */ = {
			isa = XCBuildConfiguration;
			buildSettings = {
				ASSETCATALOG_COMPILER_APPICON_NAME = AppIcon;
				INFOPLIST_FILE = AutoLayout/Info.plist;
				LD_RUNPATH_SEARCH_PATHS = "$(inherited) @executable_path/Frameworks";
				PRODUCT_BUNDLE_IDENTIFIER = Anta.Joey.AutoLayout;
				PRODUCT_NAME = "$(TARGET_NAME)";
			};
			name = Release;
		};
/* End XCBuildConfiguration section */

/* Begin XCConfigurationList section */
		D42BF3851C17D2C200EB5316 /* Build configuration list for PBXProject "AutoLayout" */ = {
			isa = XCConfigurationList;
			buildConfigurations = (
				D42BF39F1C17D2C300EB5316 /* Debug */,
				D42BF3A01C17D2C300EB5316 /* Release */,
			);
			defaultConfigurationIsVisible = 0;
			defaultConfigurationName = Release;
		};
		D42BF3A11C17D2C300EB5316 /* Build configuration list for PBXNativeTarget "AutoLayout" */ = {
			isa = XCConfigurationList;
			buildConfigurations = (
				D42BF3A21C17D2C300EB5316 /* Debug */,
				D42BF3A31C17D2C300EB5316 /* Release */,
			);
			defaultConfigurationIsVisible = 0;
		};
/* End XCConfigurationList section */
	};
	rootObject = D42BF3821C17D2C200EB5316 /* Project object */;
}
